
Microsoft Visual Studio Solution File, Format Version 12.00
# Visual Studio Version 17
VisualStudioVersion = 17.0.31912.275
MinimumVisualStudioVersion = 10.0.40219.1
Project("{9A19103F-16F7-4668-BE54-9A1E7A4F7556}") = "KioskBrowser", "KioskBrowser\KioskBrowser.csproj", "{E52588FD-F340-4AE0-9515-042680EE8DA5}"
EndProject
Project("{FAE04EC0-301F-11D3-BF4B-00C04F79EFBC}") = "KioskBrowser.DataService", "KioskBrowser.DataService\KioskBrowser.DataService.csproj", "{2A77A737-D06B-48A6-8CD0-62AFAA5A04E9}"
EndProject
Project("{FAE04EC0-301F-11D3-BF4B-00C04F79EFBC}") = "KioskBrowser.WinForm", "KioskBrowser.WinForm\KioskBrowser.WinForm.csproj", "{FB48337B-D2E3-4A08-A193-678401F3B1BE}"
EndProject
Project("{FAE04EC0-301F-11D3-BF4B-00C04F79EFBC}") = "KioskBrowser.Core", "KioskBrowser.Core\KioskBrowser.Core.csproj", "{D452B3CD-9B59-4F3C-BE57-1EBC8FD5B8BB}"
EndProject
Project("{FAE04EC0-301F-11D3-BF4B-00C04F79EFBC}") = "KioskBrowser.WebService", "KioskBrowser.WebService\KioskBrowser.WebService.csproj", "{0ECE73D5-4A8B-48B7-9A4E-9E03A6DAE6EE}"
EndProject
Project("{FAE04EC0-301F-11D3-BF4B-00C04F79EFBC}") = "KioskBrowser.PositionUtility", "KioskBrowser.PositionUtility\KioskBrowser.PositionUtility.csproj", "{6EBFA53F-9D1E-4361-9A67-2990C9FEC7B5}"
EndProject
Project("{FAE04EC0-301F-11D3-BF4B-00C04F79EFBC}") = "KioskBrowser.ExternalWebService", "KioskBrowser.ExternalWebService\KioskBrowser.ExternalWebService.csproj", "{E9B50C2E-F287-43AF-BEB4-433780F5EAE1}"
EndProject
Global
	GlobalSection(SolutionConfigurationPlatforms) = preSolution
		Debug|Any CPU = Debug|Any CPU
		Debug|x64 = Debug|x64
		Release|Any CPU = Release|Any CPU
		Release|x64 = Release|x64
	EndGlobalSection
	GlobalSection(ProjectConfigurationPlatforms) = postSolution
		{E52588FD-F340-4AE0-9515-042680EE8DA5}.Debug|Any CPU.ActiveCfg = Release|x64
		{E52588FD-F340-4AE0-9515-042680EE8DA5}.Debug|Any CPU.Build.0 = Release|x64
		{E52588FD-F340-4AE0-9515-042680EE8DA5}.Debug|x64.ActiveCfg = Debug|x64
		{E52588FD-F340-4AE0-9515-042680EE8DA5}.Debug|x64.Build.0 = Debug|x64
		{E52588FD-F340-4AE0-9515-042680EE8DA5}.Release|Any CPU.ActiveCfg = Release|x64
		{E52588FD-F340-4AE0-9515-042680EE8DA5}.Release|Any CPU.Build.0 = Release|x64
		{E52588FD-F340-4AE0-9515-042680EE8DA5}.Release|x64.ActiveCfg = Release|x64
		{E52588FD-F340-4AE0-9515-042680EE8DA5}.Release|x64.Build.0 = Release|x64
		{2A77A737-D06B-48A6-8CD0-62AFAA5A04E9}.Debug|Any CPU.ActiveCfg = Debug|Any CPU
		{2A77A737-D06B-48A6-8CD0-62AFAA5A04E9}.Debug|Any CPU.Build.0 = Debug|Any CPU
		{2A77A737-D06B-48A6-8CD0-62AFAA5A04E9}.Debug|x64.ActiveCfg = Debug|Any CPU
		{2A77A737-D06B-48A6-8CD0-62AFAA5A04E9}.Debug|x64.Build.0 = Debug|Any CPU
		{2A77A737-D06B-48A6-8CD0-62AFAA5A04E9}.Release|Any CPU.ActiveCfg = Release|Any CPU
		{2A77A737-D06B-48A6-8CD0-62AFAA5A04E9}.Release|Any CPU.Build.0 = Release|Any CPU
		{2A77A737-D06B-48A6-8CD0-62AFAA5A04E9}.Release|x64.ActiveCfg = Release|Any CPU
		{2A77A737-D06B-48A6-8CD0-62AFAA5A04E9}.Release|x64.Build.0 = Release|Any CPU
		{FB48337B-D2E3-4A08-A193-678401F3B1BE}.Debug|Any CPU.ActiveCfg = Debug|Any CPU
		{FB48337B-D2E3-4A08-A193-678401F3B1BE}.Debug|Any CPU.Build.0 = Debug|Any CPU
		{FB48337B-D2E3-4A08-A193-678401F3B1BE}.Debug|x64.ActiveCfg = Debug|Any CPU
		{FB48337B-D2E3-4A08-A193-678401F3B1BE}.Debug|x64.Build.0 = Debug|Any CPU
		{FB48337B-D2E3-4A08-A193-678401F3B1BE}.Release|Any CPU.ActiveCfg = Release|Any CPU
		{FB48337B-D2E3-4A08-A193-678401F3B1BE}.Release|Any CPU.Build.0 = Release|Any CPU
		{FB48337B-D2E3-4A08-A193-678401F3B1BE}.Release|x64.ActiveCfg = Release|Any CPU
		{FB48337B-D2E3-4A08-A193-678401F3B1BE}.Release|x64.Build.0 = Release|Any CPU
		{D452B3CD-9B59-4F3C-BE57-1EBC8FD5B8BB}.Debug|Any CPU.ActiveCfg = Debug|Any CPU
		{D452B3CD-9B59-4F3C-BE57-1EBC8FD5B8BB}.Debug|Any CPU.Build.0 = Debug|Any CPU
		{D452B3CD-9B59-4F3C-BE57-1EBC8FD5B8BB}.Debug|x64.ActiveCfg = Debug|Any CPU
		{D452B3CD-9B59-4F3C-BE57-1EBC8FD5B8BB}.Debug|x64.Build.0 = Debug|Any CPU
		{D452B3CD-9B59-4F3C-BE57-1EBC8FD5B8BB}.Release|Any CPU.ActiveCfg = Release|Any CPU
		{D452B3CD-9B59-4F3C-BE57-1EBC8FD5B8BB}.Release|Any CPU.Build.0 = Release|Any CPU
		{D452B3CD-9B59-4F3C-BE57-1EBC8FD5B8BB}.Release|x64.ActiveCfg = Release|Any CPU
		{D452B3CD-9B59-4F3C-BE57-1EBC8FD5B8BB}.Release|x64.Build.0 = Release|Any CPU
		{0ECE73D5-4A8B-48B7-9A4E-9E03A6DAE6EE}.Debug|Any CPU.ActiveCfg = Debug|Any CPU
		{0ECE73D5-4A8B-48B7-9A4E-9E03A6DAE6EE}.Debug|Any CPU.Build.0 = Debug|Any CPU
		{0ECE73D5-4A8B-48B7-9A4E-9E03A6DAE6EE}.Debug|x64.ActiveCfg = Debug|Any CPU
		{0ECE73D5-4A8B-48B7-9A4E-9E03A6DAE6EE}.Debug|x64.Build.0 = Debug|Any CPU
		{0ECE73D5-4A8B-48B7-9A4E-9E03A6DAE6EE}.Release|Any CPU.ActiveCfg = Release|Any CPU
		{0ECE73D5-4A8B-48B7-9A4E-9E03A6DAE6EE}.Release|Any CPU.Build.0 = Release|Any CPU
		{0ECE73D5-4A8B-48B7-9A4E-9E03A6DAE6EE}.Release|x64.ActiveCfg = Release|Any CPU
		{0ECE73D5-4A8B-48B7-9A4E-9E03A6DAE6EE}.Release|x64.Build.0 = Release|Any CPU
		{6EBFA53F-9D1E-4361-9A67-2990C9FEC7B5}.Debug|Any CPU.ActiveCfg = Debug|Any CPU
		{6EBFA53F-9D1E-4361-9A67-2990C9FEC7B5}.Debug|Any CPU.Build.0 = Debug|Any CPU
		{6EBFA53F-9D1E-4361-9A67-2990C9FEC7B5}.Debug|x64.ActiveCfg = Debug|Any CPU
		{6EBFA53F-9D1E-4361-9A67-2990C9FEC7B5}.Debug|x64.Build.0 = Debug|Any CPU
		{6EBFA53F-9D1E-4361-9A67-2990C9FEC7B5}.Release|Any CPU.ActiveCfg = Release|Any CPU
		{6EBFA53F-9D1E-4361-9A67-2990C9FEC7B5}.Release|Any CPU.Build.0 = Release|Any CPU
		{6EBFA53F-9D1E-4361-9A67-2990C9FEC7B5}.Release|x64.ActiveCfg = Release|Any CPU
		{6EBFA53F-9D1E-4361-9A67-2990C9FEC7B5}.Release|x64.Build.0 = Release|Any CPU
		{E9B50C2E-F287-43AF-BEB4-433780F5EAE1}.Debug|Any CPU.ActiveCfg = Debug|Any CPU
		{E9B50C2E-F287-43AF-BEB4-433780F5EAE1}.Debug|Any CPU.Build.0 = Debug|Any CPU
		{E9B50C2E-F287-43AF-BEB4-433780F5EAE1}.Debug|x64.ActiveCfg = Debug|Any CPU
		{E9B50C2E-F287-43AF-BEB4-433780F5EAE1}.Debug|x64.Build.0 = Debug|Any CPU
		{E9B50C2E-F287-43AF-BEB4-433780F5EAE1}.Release|Any CPU.ActiveCfg = Release|Any CPU
		{E9B50C2E-F287-43AF-BEB4-433780F5EAE1}.Release|Any CPU.Build.0 = Release|Any CPU
		{E9B50C2E-F287-43AF-BEB4-433780F5EAE1}.Release|x64.ActiveCfg = Release|Any CPU
		{E9B50C2E-F287-43AF-BEB4-433780F5EAE1}.Release|x64.Build.0 = Release|Any CPU
	EndGlobalSection
	GlobalSection(SolutionProperties) = preSolution
		HideSolutionNode = FALSE
	EndGlobalSection
	GlobalSection(ExtensibilityGlobals) = postSolution
		SolutionGuid = {AB89E367-FDDB-475A-A206-5FD47FDAE5C1}
	EndGlobalSection
EndGlobal
